// !$*UTF8*$!
{
	archiveVersion = 1;
	classes = {
	};
	objectVersion = 56;
	objects = {

/* Begin PBXBuildFile section */
		9F671D5B2D841AEF009DF862 /* GetConfigBean.swift in Sources */ = {isa = PBXBuildFile; fileRef = 9F671D5A2D841AEF009DF862 /* GetConfigBean.swift */; };
		9F6CE6562D76950000F575A7 /* SmartBean.swift in Sources */ = {isa = PBXBuildFile; fileRef = 9F6CE6552D76950000F575A7 /* SmartBean.swift */; };
		9F6CE6582D7841F800F575A7 /* BottomSheetView.swift in Sources */ = {isa = PBXBuildFile; fileRef = 9F6CE6572D7841F800F575A7 /* BottomSheetView.swift */; };
		9F6CE65A2D7845DE00F575A7 /* ModernThreeLevelPicker.swift in Sources */ = {isa = PBXBuildFile; fileRef = 9F6CE6592D7845DE00F575A7 /* ModernThreeLevelPicker.swift */; };
		9F79EA7F2CC8888E008BFD0E /* BaseResponse.swift in Sources */ = {isa = PBXBuildFile; fileRef = 9F79EA7E2CC8888E008BFD0E /* BaseResponse.swift */; };
		9F8B651E2CC745B900F28DA0 /* Toast.swift in Sources */ = {isa = PBXBuildFile; fileRef = 9F8B651D2CC745B900F28DA0 /* Toast.swift */; };
		9FCE33722CC6064D00D2D8EC /* tasongApp.swift in Sources */ = {isa = PBXBuildFile; fileRef = 9FCE33712CC6064D00D2D8EC /* tasongApp.swift */; };
		9FCE33742CC6064D00D2D8EC /* ContentView.swift in Sources */ = {isa = PBXBuildFile; fileRef = 9FCE33732CC6064D00D2D8EC /* ContentView.swift */; };
		9FCE33792CC6064E00D2D8EC /* Preview Assets.xcassets in Resources */ = {isa = PBXBuildFile; fileRef = 9FCE33782CC6064E00D2D8EC /* Preview Assets.xcassets */; };
		9FD170502D2CBF9F0074FBCF /* DeptBean.swift in Sources */ = {isa = PBXBuildFile; fileRef = 9FD1704F2D2CBF9F0074FBCF /* DeptBean.swift */; };
		9FD170522D2D03370074FBCF /* SporeControlBean.swift in Sources */ = {isa = PBXBuildFile; fileRef = 9FD170512D2D03370074FBCF /* SporeControlBean.swift */; };
		9FD170552D2D07410074FBCF /* NumericInputField.swift in Sources */ = {isa = PBXBuildFile; fileRef = 9FD170542D2D07410074FBCF /* NumericInputField.swift */; };
		9FD9F47C2D2F7AEB0039BEEE /* AppDelegate.swift in Sources */ = {isa = PBXBuildFile; fileRef = 9FD9F47B2D2F7AEB0039BEEE /* AppDelegate.swift */; };
		9FDA157C2CE471170001998A /* AppState.swift in Sources */ = {isa = PBXBuildFile; fileRef = 9FDA157B2CE471170001998A /* AppState.swift */; };
		9FDA158A2CE4736E0001998A /* MyNetWorkRepository.swift in Sources */ = {isa = PBXBuildFile; fileRef = 9FDA15892CE4736E0001998A /* MyNetWorkRepository.swift */; };
		9FDA158C2CE473940001998A /* MyNetWorkService.swift in Sources */ = {isa = PBXBuildFile; fileRef = 9FDA158B2CE473940001998A /* MyNetWorkService.swift */; };
		9FDA158E2CE473C30001998A /* BaseViewModel.swift in Sources */ = {isa = PBXBuildFile; fileRef = 9FDA158D2CE473C30001998A /* BaseViewModel.swift */; };
		9FDA15902CE4741C0001998A /* SplashPage.swift in Sources */ = {isa = PBXBuildFile; fileRef = 9FDA158F2CE4741C0001998A /* SplashPage.swift */; };
		9FDA15922CE474270001998A /* SplashVM.swift in Sources */ = {isa = PBXBuildFile; fileRef = 9FDA15912CE474270001998A /* SplashVM.swift */; };
		9FDA15942CE474590001998A /* RegisterPage.swift in Sources */ = {isa = PBXBuildFile; fileRef = 9FDA15932CE474590001998A /* RegisterPage.swift */; };
		9FDA15962CE4746C0001998A /* RegisterVM.swift in Sources */ = {isa = PBXBuildFile; fileRef = 9FDA15952CE4746C0001998A /* RegisterVM.swift */; };
		9FDA15982CE474930001998A /* MainPage.swift in Sources */ = {isa = PBXBuildFile; fileRef = 9FDA15972CE474930001998A /* MainPage.swift */; };
		9FDA159A2CE474AE0001998A /* LoginPage.swift in Sources */ = {isa = PBXBuildFile; fileRef = 9FDA15992CE474AE0001998A /* LoginPage.swift */; };
		9FDA159C2CE474BA0001998A /* LoginVM.swift in Sources */ = {isa = PBXBuildFile; fileRef = 9FDA159B2CE474BA0001998A /* LoginVM.swift */; };
		9FDA159E2CE474DC0001998A /* HomePage.swift in Sources */ = {isa = PBXBuildFile; fileRef = 9FDA159D2CE474DC0001998A /* HomePage.swift */; };
		9FDA15A02CE474E70001998A /* HomePageVM.swift in Sources */ = {isa = PBXBuildFile; fileRef = 9FDA159F2CE474E70001998A /* HomePageVM.swift */; };
		9FDA15A22CE475180001998A /* DeviceControlPage.swift in Sources */ = {isa = PBXBuildFile; fileRef = 9FDA15A12CE475180001998A /* DeviceControlPage.swift */; };
		9FDA15A42CE475270001998A /* DeviceControlVM.swift in Sources */ = {isa = PBXBuildFile; fileRef = 9FDA15A32CE475270001998A /* DeviceControlVM.swift */; };
		9FDA15A62CE475370001998A /* DeviceDataPage.swift in Sources */ = {isa = PBXBuildFile; fileRef = 9FDA15A52CE475370001998A /* DeviceDataPage.swift */; };
		9FDA15A82CE475430001998A /* DeviceDataVM.swift in Sources */ = {isa = PBXBuildFile; fileRef = 9FDA15A72CE475430001998A /* DeviceDataVM.swift */; };
		9FDA15AA2CE475560001998A /* DeviceDetailPage.swift in Sources */ = {isa = PBXBuildFile; fileRef = 9FDA15A92CE475560001998A /* DeviceDetailPage.swift */; };
		9FDA15AC2CE475670001998A /* DeviceDetailVM.swift in Sources */ = {isa = PBXBuildFile; fileRef = 9FDA15AB2CE475670001998A /* DeviceDetailVM.swift */; };
		9FDA15AE2CE475840001998A /* DevicePhotoPage.swift in Sources */ = {isa = PBXBuildFile; fileRef = 9FDA15AD2CE475840001998A /* DevicePhotoPage.swift */; };
		9FDA15B02CE475E30001998A /* DevicePhotoVM.swift in Sources */ = {isa = PBXBuildFile; fileRef = 9FDA15AF2CE475E30001998A /* DevicePhotoVM.swift */; };
		9FDA15B22CE475EF0001998A /* DeviceStatPage.swift in Sources */ = {isa = PBXBuildFile; fileRef = 9FDA15B12CE475EF0001998A /* DeviceStatPage.swift */; };
		9FDA15B42CE476310001998A /* DeviceStatVM.swift in Sources */ = {isa = PBXBuildFile; fileRef = 9FDA15B32CE476310001998A /* DeviceStatVM.swift */; };
		9FDA15B62CE4769E0001998A /* ContactPage.swift in Sources */ = {isa = PBXBuildFile; fileRef = 9FDA15B52CE4769E0001998A /* ContactPage.swift */; };
		9FDA15B82CE476A90001998A /* ContactVM.swift in Sources */ = {isa = PBXBuildFile; fileRef = 9FDA15B72CE476A90001998A /* ContactVM.swift */; };
		9FDA15BC2CE477270001998A /* DeviceAllBean.swift in Sources */ = {isa = PBXBuildFile; fileRef = 9FDA15BB2CE477270001998A /* DeviceAllBean.swift */; };
		9FDA15BE2CE477340001998A /* DeviceChartBean.swift in Sources */ = {isa = PBXBuildFile; fileRef = 9FDA15BD2CE477340001998A /* DeviceChartBean.swift */; };
		9FDA15C02CE477410001998A /* DeviceControlBean.swift in Sources */ = {isa = PBXBuildFile; fileRef = 9FDA15BF2CE477410001998A /* DeviceControlBean.swift */; };
		9FDA15C22CE477790001998A /* DeviceDataBean.swift in Sources */ = {isa = PBXBuildFile; fileRef = 9FDA15C12CE477790001998A /* DeviceDataBean.swift */; };
		9FDA15C62CE4778D0001998A /* DeviceType.swift in Sources */ = {isa = PBXBuildFile; fileRef = 9FDA15C52CE4778D0001998A /* DeviceType.swift */; };
		9FDA15C82CE477940001998A /* LoginBean.swift in Sources */ = {isa = PBXBuildFile; fileRef = 9FDA15C72CE477940001998A /* LoginBean.swift */; };
		9FDA15CA2CE477A90001998A /* ReceiveControlBean.swift in Sources */ = {isa = PBXBuildFile; fileRef = 9FDA15C92CE477A90001998A /* ReceiveControlBean.swift */; };
		9FDA15CC2CE477B20001998A /* UserBean.swift in Sources */ = {isa = PBXBuildFile; fileRef = 9FDA15CB2CE477B20001998A /* UserBean.swift */; };
		9FDA15CE2CE477CB0001998A /* VerCodeBean.swift in Sources */ = {isa = PBXBuildFile; fileRef = 9FDA15CD2CE477CB0001998A /* VerCodeBean.swift */; };
		9FDA15D02CE479610001998A /* DeviceImageBean.swift in Sources */ = {isa = PBXBuildFile; fileRef = 9FDA15CF2CE479610001998A /* DeviceImageBean.swift */; };
		9FDA15D22CE4797F0001998A /* MePage.swift in Sources */ = {isa = PBXBuildFile; fileRef = 9FDA15D12CE4797F0001998A /* MePage.swift */; };
		9FDA15D42CE479850001998A /* MeVM.swift in Sources */ = {isa = PBXBuildFile; fileRef = 9FDA15D32CE479850001998A /* MeVM.swift */; };
		9FDA15DB2CE47A250001998A /* Assets.xcassets in Resources */ = {isa = PBXBuildFile; fileRef = 9FDA15DA2CE47A250001998A /* Assets.xcassets */; };
		9FDA15DD2CE47A770001998A /* Localizable.xcstrings in Resources */ = {isa = PBXBuildFile; fileRef = 9FDA15DC2CE47A770001998A /* Localizable.xcstrings */; };
		9FDA15E02CE47A930001998A /* NavigationDestination.swift in Sources */ = {isa = PBXBuildFile; fileRef = 9FDA15DE2CE47A930001998A /* NavigationDestination.swift */; };
		9FDA15E62CE47DD30001998A /* Config.swift in Sources */ = {isa = PBXBuildFile; fileRef = 9FDA15E12CE47DD30001998A /* Config.swift */; };
		9FDA15E72CE47DD30001998A /* handleNetworkError.swift in Sources */ = {isa = PBXBuildFile; fileRef = 9FDA15E22CE47DD30001998A /* handleNetworkError.swift */; };
		9FDA15E82CE47DD30001998A /* NetworkErrorHandler.swift in Sources */ = {isa = PBXBuildFile; fileRef = 9FDA15E32CE47DD30001998A /* NetworkErrorHandler.swift */; };
		9FDA15E92CE47DD30001998A /* VerCodeError.swift in Sources */ = {isa = PBXBuildFile; fileRef = 9FDA15E42CE47DD30001998A /* VerCodeError.swift */; };
		A662C9A9ACC5635592CD3F25 /* Pods_tasong.framework in Frameworks */ = {isa = PBXBuildFile; fileRef = F51CECA81FF3DE30D49FEC9B /* Pods_tasong.framework */; };
/* End PBXBuildFile section */

/* Begin PBXFileReference section */
		280F9A7DF6BF114356D8CA24 /* Pods-tasong.release.xcconfig */ = {isa = PBXFileReference; includeInIndex = 1; lastKnownFileType = text.xcconfig; name = "Pods-tasong.release.xcconfig"; path = "Target Support Files/Pods-tasong/Pods-tasong.release.xcconfig"; sourceTree = "<group>"; };
		9F671D5A2D841AEF009DF862 /* GetConfigBean.swift */ = {isa = PBXFileReference; lastKnownFileType = sourcecode.swift; path = GetConfigBean.swift; sourceTree = "<group>"; };
		9F6CE6552D76950000F575A7 /* SmartBean.swift */ = {isa = PBXFileReference; lastKnownFileType = sourcecode.swift; path = SmartBean.swift; sourceTree = "<group>"; };
		9F6CE6572D7841F800F575A7 /* BottomSheetView.swift */ = {isa = PBXFileReference; lastKnownFileType = sourcecode.swift; path = BottomSheetView.swift; sourceTree = "<group>"; };
		9F6CE6592D7845DE00F575A7 /* ModernThreeLevelPicker.swift */ = {isa = PBXFileReference; lastKnownFileType = sourcecode.swift; path = ModernThreeLevelPicker.swift; sourceTree = "<group>"; };
		9F79EA7E2CC8888E008BFD0E /* BaseResponse.swift */ = {isa = PBXFileReference; lastKnownFileType = sourcecode.swift; path = BaseResponse.swift; sourceTree = "<group>"; };
		9F8B651D2CC745B900F28DA0 /* Toast.swift */ = {isa = PBXFileReference; lastKnownFileType = sourcecode.swift; path = Toast.swift; sourceTree = "<group>"; };
		9FCE336E2CC6064D00D2D8EC /* tasong.app */ = {isa = PBXFileReference; explicitFileType = wrapper.application; includeInIndex = 0; path = tasong.app; sourceTree = BUILT_PRODUCTS_DIR; };
		9FCE33712CC6064D00D2D8EC /* tasongApp.swift */ = {isa = PBXFileReference; lastKnownFileType = sourcecode.swift; path = tasongApp.swift; sourceTree = "<group>"; };
		9FCE33732CC6064D00D2D8EC /* ContentView.swift */ = {isa = PBXFileReference; lastKnownFileType = sourcecode.swift; path = ContentView.swift; sourceTree = "<group>"; };
		9FCE33782CC6064E00D2D8EC /* Preview Assets.xcassets */ = {isa = PBXFileReference; lastKnownFileType = folder.assetcatalog; path = "Preview Assets.xcassets"; sourceTree = "<group>"; };
		9FCE33C82CC60A2E00D2D8EC /* Info.plist */ = {isa = PBXFileReference; lastKnownFileType = text.plist; path = Info.plist; sourceTree = "<group>"; };
		9FD1704F2D2CBF9F0074FBCF /* DeptBean.swift */ = {isa = PBXFileReference; lastKnownFileType = sourcecode.swift; path = DeptBean.swift; sourceTree = "<group>"; };
		9FD170512D2D03370074FBCF /* SporeControlBean.swift */ = {isa = PBXFileReference; lastKnownFileType = sourcecode.swift; path = SporeControlBean.swift; sourceTree = "<group>"; };
		9FD170542D2D07410074FBCF /* NumericInputField.swift */ = {isa = PBXFileReference; lastKnownFileType = sourcecode.swift; path = NumericInputField.swift; sourceTree = "<group>"; };
		9FD9F47B2D2F7AEB0039BEEE /* AppDelegate.swift */ = {isa = PBXFileReference; lastKnownFileType = sourcecode.swift; path = AppDelegate.swift; sourceTree = "<group>"; };
		9FDA157B2CE471170001998A /* AppState.swift */ = {isa = PBXFileReference; lastKnownFileType = sourcecode.swift; path = AppState.swift; sourceTree = "<group>"; };
		9FDA15892CE4736E0001998A /* MyNetWorkRepository.swift */ = {isa = PBXFileReference; lastKnownFileType = sourcecode.swift; path = MyNetWorkRepository.swift; sourceTree = "<group>"; };
		9FDA158B2CE473940001998A /* MyNetWorkService.swift */ = {isa = PBXFileReference; lastKnownFileType = sourcecode.swift; path = MyNetWorkService.swift; sourceTree = "<group>"; };
		9FDA158D2CE473C30001998A /* BaseViewModel.swift */ = {isa = PBXFileReference; lastKnownFileType = sourcecode.swift; path = BaseViewModel.swift; sourceTree = "<group>"; };
		9FDA158F2CE4741C0001998A /* SplashPage.swift */ = {isa = PBXFileReference; lastKnownFileType = sourcecode.swift; path = SplashPage.swift; sourceTree = "<group>"; };
		9FDA15912CE474270001998A /* SplashVM.swift */ = {isa = PBXFileReference; lastKnownFileType = sourcecode.swift; path = SplashVM.swift; sourceTree = "<group>"; };
		9FDA15932CE474590001998A /* RegisterPage.swift */ = {isa = PBXFileReference; lastKnownFileType = sourcecode.swift; path = RegisterPage.swift; sourceTree = "<group>"; };
		9FDA15952CE4746C0001998A /* RegisterVM.swift */ = {isa = PBXFileReference; lastKnownFileType = sourcecode.swift; path = RegisterVM.swift; sourceTree = "<group>"; };
		9FDA15972CE474930001998A /* MainPage.swift */ = {isa = PBXFileReference; lastKnownFileType = sourcecode.swift; path = MainPage.swift; sourceTree = "<group>"; };
		9FDA15992CE474AE0001998A /* LoginPage.swift */ = {isa = PBXFileReference; lastKnownFileType = sourcecode.swift; path = LoginPage.swift; sourceTree = "<group>"; };
		9FDA159B2CE474BA0001998A /* LoginVM.swift */ = {isa = PBXFileReference; lastKnownFileType = sourcecode.swift; path = LoginVM.swift; sourceTree = "<group>"; };
		9FDA159D2CE474DC0001998A /* HomePage.swift */ = {isa = PBXFileReference; lastKnownFileType = sourcecode.swift; path = HomePage.swift; sourceTree = "<group>"; };
		9FDA159F2CE474E70001998A /* HomePageVM.swift */ = {isa = PBXFileReference; lastKnownFileType = sourcecode.swift; path = HomePageVM.swift; sourceTree = "<group>"; };
		9FDA15A12CE475180001998A /* DeviceControlPage.swift */ = {isa = PBXFileReference; lastKnownFileType = sourcecode.swift; path = DeviceControlPage.swift; sourceTree = "<group>"; };
		9FDA15A32CE475270001998A /* DeviceControlVM.swift */ = {isa = PBXFileReference; lastKnownFileType = sourcecode.swift; path = DeviceControlVM.swift; sourceTree = "<group>"; };
		9FDA15A52CE475370001998A /* DeviceDataPage.swift */ = {isa = PBXFileReference; lastKnownFileType = sourcecode.swift; path = DeviceDataPage.swift; sourceTree = "<group>"; };
		9FDA15A72CE475430001998A /* DeviceDataVM.swift */ = {isa = PBXFileReference; lastKnownFileType = sourcecode.swift; path = DeviceDataVM.swift; sourceTree = "<group>"; };
		9FDA15A92CE475560001998A /* DeviceDetailPage.swift */ = {isa = PBXFileReference; lastKnownFileType = sourcecode.swift; path = DeviceDetailPage.swift; sourceTree = "<group>"; };
		9FDA15AB2CE475670001998A /* DeviceDetailVM.swift */ = {isa = PBXFileReference; lastKnownFileType = sourcecode.swift; path = DeviceDetailVM.swift; sourceTree = "<group>"; };
		9FDA15AD2CE475840001998A /* DevicePhotoPage.swift */ = {isa = PBXFileReference; lastKnownFileType = sourcecode.swift; path = DevicePhotoPage.swift; sourceTree = "<group>"; };
		9FDA15AF2CE475E30001998A /* DevicePhotoVM.swift */ = {isa = PBXFileReference; lastKnownFileType = sourcecode.swift; path = DevicePhotoVM.swift; sourceTree = "<group>"; };
		9FDA15B12CE475EF0001998A /* DeviceStatPage.swift */ = {isa = PBXFileReference; lastKnownFileType = sourcecode.swift; path = DeviceStatPage.swift; sourceTree = "<group>"; };
		9FDA15B32CE476310001998A /* DeviceStatVM.swift */ = {isa = PBXFileReference; lastKnownFileType = sourcecode.swift; path = DeviceStatVM.swift; sourceTree = "<group>"; };
		9FDA15B52CE4769E0001998A /* ContactPage.swift */ = {isa = PBXFileReference; lastKnownFileType = sourcecode.swift; path = ContactPage.swift; sourceTree = "<group>"; };
		9FDA15B72CE476A90001998A /* ContactVM.swift */ = {isa = PBXFileReference; lastKnownFileType = sourcecode.swift; path = ContactVM.swift; sourceTree = "<group>"; };
		9FDA15BB2CE477270001998A /* DeviceAllBean.swift */ = {isa = PBXFileReference; lastKnownFileType = sourcecode.swift; path = DeviceAllBean.swift; sourceTree = "<group>"; };
		9FDA15BD2CE477340001998A /* DeviceChartBean.swift */ = {isa = PBXFileReference; lastKnownFileType = sourcecode.swift; path = DeviceChartBean.swift; sourceTree = "<group>"; };
		9FDA15BF2CE477410001998A /* DeviceControlBean.swift */ = {isa = PBXFileReference; lastKnownFileType = sourcecode.swift; path = DeviceControlBean.swift; sourceTree = "<group>"; };
		9FDA15C12CE477790001998A /* DeviceDataBean.swift */ = {isa = PBXFileReference; lastKnownFileType = sourcecode.swift; path = DeviceDataBean.swift; sourceTree = "<group>"; };
		9FDA15C52CE4778D0001998A /* DeviceType.swift */ = {isa = PBXFileReference; lastKnownFileType = sourcecode.swift; path = DeviceType.swift; sourceTree = "<group>"; };
		9FDA15C72CE477940001998A /* LoginBean.swift */ = {isa = PBXFileReference; lastKnownFileType = sourcecode.swift; path = LoginBean.swift; sourceTree = "<group>"; };
		9FDA15C92CE477A90001998A /* ReceiveControlBean.swift */ = {isa = PBXFileReference; lastKnownFileType = sourcecode.swift; path = ReceiveControlBean.swift; sourceTree = "<group>"; };
		9FDA15CB2CE477B20001998A /* UserBean.swift */ = {isa = PBXFileReference; lastKnownFileType = sourcecode.swift; path = UserBean.swift; sourceTree = "<group>"; };
		9FDA15CD2CE477CB0001998A /* VerCodeBean.swift */ = {isa = PBXFileReference; lastKnownFileType = sourcecode.swift; path = VerCodeBean.swift; sourceTree = "<group>"; };
		9FDA15CF2CE479610001998A /* DeviceImageBean.swift */ = {isa = PBXFileReference; fileEncoding = 4; lastKnownFileType = sourcecode.swift; path = DeviceImageBean.swift; sourceTree = "<group>"; };
		9FDA15D12CE4797F0001998A /* MePage.swift */ = {isa = PBXFileReference; lastKnownFileType = sourcecode.swift; path = MePage.swift; sourceTree = "<group>"; };
		9FDA15D32CE479850001998A /* MeVM.swift */ = {isa = PBXFileReference; lastKnownFileType = sourcecode.swift; path = MeVM.swift; sourceTree = "<group>"; };
		9FDA15DA2CE47A250001998A /* Assets.xcassets */ = {isa = PBXFileReference; lastKnownFileType = folder.assetcatalog; path = Assets.xcassets; sourceTree = "<group>"; };
		9FDA15DC2CE47A770001998A /* Localizable.xcstrings */ = {isa = PBXFileReference; fileEncoding = 4; lastKnownFileType = text.json.xcstrings; path = Localizable.xcstrings; sourceTree = "<group>"; };
		9FDA15DE2CE47A930001998A /* NavigationDestination.swift */ = {isa = PBXFileReference; fileEncoding = 4; lastKnownFileType = sourcecode.swift; path = NavigationDestination.swift; sourceTree = "<group>"; };
		9FDA15E12CE47DD30001998A /* Config.swift */ = {isa = PBXFileReference; fileEncoding = 4; lastKnownFileType = sourcecode.swift; path = Config.swift; sourceTree = "<group>"; };
		9FDA15E22CE47DD30001998A /* handleNetworkError.swift */ = {isa = PBXFileReference; fileEncoding = 4; lastKnownFileType = sourcecode.swift; path = handleNetworkError.swift; sourceTree = "<group>"; };
		9FDA15E32CE47DD30001998A /* NetworkErrorHandler.swift */ = {isa = PBXFileReference; fileEncoding = 4; lastKnownFileType = sourcecode.swift; path = NetworkErrorHandler.swift; sourceTree = "<group>"; };
		9FDA15E42CE47DD30001998A /* VerCodeError.swift */ = {isa = PBXFileReference; fileEncoding = 4; lastKnownFileType = sourcecode.swift; path = VerCodeError.swift; sourceTree = "<group>"; };
		ECCD896310558FA82E701495 /* Pods-tasong.debug.xcconfig */ = {isa = PBXFileReference; includeInIndex = 1; lastKnownFileType = text.xcconfig; name = "Pods-tasong.debug.xcconfig"; path = "Target Support Files/Pods-tasong/Pods-tasong.debug.xcconfig"; sourceTree = "<group>"; };
		F51CECA81FF3DE30D49FEC9B /* Pods_tasong.framework */ = {isa = PBXFileReference; explicitFileType = wrapper.framework; includeInIndex = 0; path = Pods_tasong.framework; sourceTree = BUILT_PRODUCTS_DIR; };
/* End PBXFileReference section */

/* Begin PBXFrameworksBuildPhase section */
		9FCE336B2CC6064D00D2D8EC /* Frameworks */ = {
			isa = PBXFrameworksBuildPhase;
			buildActionMask = 2147483647;
			files = (
				A662C9A9ACC5635592CD3F25 /* Pods_tasong.framework in Frameworks */,
			);
			runOnlyForDeploymentPostprocessing = 0;
		};
/* End PBXFrameworksBuildPhase section */

/* Begin PBXGroup section */
		7085CD74F66EB8527535756D /* Frameworks */ = {
			isa = PBXGroup;
			children = (
				F51CECA81FF3DE30D49FEC9B /* Pods_tasong.framework */,
			);
			name = Frameworks;
			sourceTree = "<group>";
		};
		9F79EA7D2CC88882008BFD0E /* Extension */ = {
			isa = PBXGroup;
			children = (
				9F79EA7E2CC8888E008BFD0E /* BaseResponse.swift */,
			);
			path = Extension;
			sourceTree = "<group>";
		};
		9FCE33652CC6064D00D2D8EC = {
			isa = PBXGroup;
			children = (
				9FCE33702CC6064D00D2D8EC /* tasong */,
				9FCE336F2CC6064D00D2D8EC /* Products */,
				D15BF5DC83B89CB6C738B1C5 /* Pods */,
				7085CD74F66EB8527535756D /* Frameworks */,
			);
			sourceTree = "<group>";
		};
		9FCE336F2CC6064D00D2D8EC /* Products */ = {
			isa = PBXGroup;
			children = (
				9FCE336E2CC6064D00D2D8EC /* tasong.app */,
			);
			name = Products;
			sourceTree = "<group>";
		};
		9FCE33702CC6064D00D2D8EC /* tasong */ = {
			isa = PBXGroup;
			children = (
				9FDA15E52CE47DD30001998A /* Config */,
				9FDA15DF2CE47A930001998A /* Navigation */,
				9FDA15DC2CE47A770001998A /* Localizable.xcstrings */,
				9FDA15DA2CE47A250001998A /* Assets.xcassets */,
				9FDA15842CE4727F0001998A /* Repository */,
				9FDA157D2CE4715F0001998A /* ViewModel */,
				9FDA15732CE45BC00001998A /* Service */,
				9FDA14CF2CE45A430001998A /* Feature */,
				9F79EA7D2CC88882008BFD0E /* Extension */,
				9FCE33C82CC60A2E00D2D8EC /* Info.plist */,
				9FCE33712CC6064D00D2D8EC /* tasongApp.swift */,
				9FCE33732CC6064D00D2D8EC /* ContentView.swift */,
				9FCE33772CC6064E00D2D8EC /* Preview Content */,
				9F8B651D2CC745B900F28DA0 /* Toast.swift */,
				9FDA157B2CE471170001998A /* AppState.swift */,
			);
			path = tasong;
			sourceTree = "<group>";
		};
		9FCE33772CC6064E00D2D8EC /* Preview Content */ = {
			isa = PBXGroup;
			children = (
				9FCE33782CC6064E00D2D8EC /* Preview Assets.xcassets */,
			);
			path = "Preview Content";
			sourceTree = "<group>";
		};
		9FD170532D2D072F0074FBCF /* Utils */ = {
			isa = PBXGroup;
			children = (
				9FD170542D2D07410074FBCF /* NumericInputField.swift */,
				9F6CE6572D7841F800F575A7 /* BottomSheetView.swift */,
				9F6CE6592D7845DE00F575A7 /* ModernThreeLevelPicker.swift */,
			);
			path = Utils;
			sourceTree = "<group>";
		};
		9FDA14CF2CE45A430001998A /* Feature */ = {
			isa = PBXGroup;
			children = (
				9FD170532D2D072F0074FBCF /* Utils */,
				9FDA156A2CE45B8C0001998A /* Splash */,
				9FDA15652CE45B7F0001998A /* Register */,
				9FDA15622CE45B670001998A /* Main */,
				9FDA155D2CE45B590001998A /* Login */,
				9FDA15582CE45B4B0001998A /* Home */,
				9FDA15412CE45AC70001998A /* DeviceDetail */,
				9FDA153C2CE45AAD0001998A /* Contact */,
				9FDA15252CE45A9C0001998A /* Bean */,
				9FDA15202CE45A7D0001998A /* About */,
			);
			path = Feature;
			sourceTree = "<group>";
		};
		9FDA15202CE45A7D0001998A /* About */ = {
			isa = PBXGroup;
			children = (
				9FDA15D12CE4797F0001998A /* MePage.swift */,
				9FDA15D32CE479850001998A /* MeVM.swift */,
			);
			path = About;
			sourceTree = "<group>";
		};
		9FDA15252CE45A9C0001998A /* Bean */ = {
			isa = PBXGroup;
			children = (
				9FD170512D2D03370074FBCF /* SporeControlBean.swift */,
				9FDA15CF2CE479610001998A /* DeviceImageBean.swift */,
				9FDA15BB2CE477270001998A /* DeviceAllBean.swift */,
				9FDA15BD2CE477340001998A /* DeviceChartBean.swift */,
				9FDA15BF2CE477410001998A /* DeviceControlBean.swift */,
				9FDA15C12CE477790001998A /* DeviceDataBean.swift */,
				9FDA15C52CE4778D0001998A /* DeviceType.swift */,
				9FDA15C72CE477940001998A /* LoginBean.swift */,
				9FDA15C92CE477A90001998A /* ReceiveControlBean.swift */,
				9FDA15CB2CE477B20001998A /* UserBean.swift */,
				9FDA15CD2CE477CB0001998A /* VerCodeBean.swift */,
				9FD1704F2D2CBF9F0074FBCF /* DeptBean.swift */,
				9F6CE6552D76950000F575A7 /* SmartBean.swift */,
				9F671D5A2D841AEF009DF862 /* GetConfigBean.swift */,
			);
			path = Bean;
			sourceTree = "<group>";
		};
		9FDA153C2CE45AAD0001998A /* Contact */ = {
			isa = PBXGroup;
			children = (
				9FDA15B52CE4769E0001998A /* ContactPage.swift */,
				9FDA15B72CE476A90001998A /* ContactVM.swift */,
			);
			path = Contact;
			sourceTree = "<group>";
		};
		9FDA15412CE45AC70001998A /* DeviceDetail */ = {
			isa = PBXGroup;
			children = (
				9FDA15A12CE475180001998A /* DeviceControlPage.swift */,
				9FDA15A32CE475270001998A /* DeviceControlVM.swift */,
				9FDA15A52CE475370001998A /* DeviceDataPage.swift */,
				9FDA15A72CE475430001998A /* DeviceDataVM.swift */,
				9FDA15A92CE475560001998A /* DeviceDetailPage.swift */,
				9FDA15AB2CE475670001998A /* DeviceDetailVM.swift */,
				9FDA15AD2CE475840001998A /* DevicePhotoPage.swift */,
				9FDA15AF2CE475E30001998A /* DevicePhotoVM.swift */,
				9FDA15B12CE475EF0001998A /* DeviceStatPage.swift */,
				9FDA15B32CE476310001998A /* DeviceStatVM.swift */,
			);
			path = DeviceDetail;
			sourceTree = "<group>";
		};
		9FDA15582CE45B4B0001998A /* Home */ = {
			isa = PBXGroup;
			children = (
				9FDA159D2CE474DC0001998A /* HomePage.swift */,
				9FDA159F2CE474E70001998A /* HomePageVM.swift */,
			);
			path = Home;
			sourceTree = "<group>";
		};
		9FDA155D2CE45B590001998A /* Login */ = {
			isa = PBXGroup;
			children = (
				9FDA15992CE474AE0001998A /* LoginPage.swift */,
				9FDA159B2CE474BA0001998A /* LoginVM.swift */,
			);
			path = Login;
			sourceTree = "<group>";
		};
		9FDA15622CE45B670001998A /* Main */ = {
			isa = PBXGroup;
			children = (
				9FDA15972CE474930001998A /* MainPage.swift */,
				9FD9F47B2D2F7AEB0039BEEE /* AppDelegate.swift */,
			);
			path = Main;
			sourceTree = "<group>";
		};
		9FDA15652CE45B7F0001998A /* Register */ = {
			isa = PBXGroup;
			children = (
				9FDA15932CE474590001998A /* RegisterPage.swift */,
				9FDA15952CE4746C0001998A /* RegisterVM.swift */,
			);
			path = Register;
			sourceTree = "<group>";
		};
		9FDA156A2CE45B8C0001998A /* Splash */ = {
			isa = PBXGroup;
			children = (
				9FDA15912CE474270001998A /* SplashVM.swift */,
				9FDA158F2CE4741C0001998A /* SplashPage.swift */,
			);
			path = Splash;
			sourceTree = "<group>";
		};
		9FDA15732CE45BC00001998A /* Service */ = {
			isa = PBXGroup;
			children = (
				9FDA158B2CE473940001998A /* MyNetWorkService.swift */,
			);
			path = Service;
			sourceTree = "<group>";
		};
		9FDA157D2CE4715F0001998A /* ViewModel */ = {
			isa = PBXGroup;
			children = (
				9FDA158D2CE473C30001998A /* BaseViewModel.swift */,
			);
			path = ViewModel;
			sourceTree = "<group>";
		};
		9FDA15842CE4727F0001998A /* Repository */ = {
			isa = PBXGroup;
			children = (
				9FDA15892CE4736E0001998A /* MyNetWorkRepository.swift */,
			);
			path = Repository;
			sourceTree = "<group>";
		};
		9FDA15DF2CE47A930001998A /* Navigation */ = {
			isa = PBXGroup;
			children = (
				9FDA15DE2CE47A930001998A /* NavigationDestination.swift */,
			);
			path = Navigation;
			sourceTree = "<group>";
		};
		9FDA15E52CE47DD30001998A /* Config */ = {
			isa = PBXGroup;
			children = (
				9FDA15E12CE47DD30001998A /* Config.swift */,
				9FDA15E22CE47DD30001998A /* handleNetworkError.swift */,
				9FDA15E32CE47DD30001998A /* NetworkErrorHandler.swift */,
				9FDA15E42CE47DD30001998A /* VerCodeError.swift */,
			);
			path = Config;
			sourceTree = "<group>";
		};
		D15BF5DC83B89CB6C738B1C5 /* Pods */ = {
			isa = PBXGroup;
			children = (
				ECCD896310558FA82E701495 /* Pods-tasong.debug.xcconfig */,
				280F9A7DF6BF114356D8CA24 /* Pods-tasong.release.xcconfig */,
			);
			path = Pods;
			sourceTree = "<group>";
		};
/* End PBXGroup section */

/* Begin PBXNativeTarget section */
		9FCE336D2CC6064D00D2D8EC /* tasong */ = {
			isa = PBXNativeTarget;
			buildConfigurationList = 9FCE337C2CC6064E00D2D8EC /* Build configuration list for PBXNativeTarget "tasong" */;
			buildPhases = (
				250CF8D4F2DF84F6B1825C23 /* [CP] Check Pods Manifest.lock */,
				9FCE336A2CC6064D00D2D8EC /* Sources */,
				9FCE336B2CC6064D00D2D8EC /* Frameworks */,
				9FCE336C2CC6064D00D2D8EC /* Resources */,
				B28E115703DDB072F5572CE3 /* [CP] Embed Pods Frameworks */,
				9FDA14A32CE455500001998A /* ShellScript */,
			);
			buildRules = (
			);
			dependencies = (
			);
			name = tasong;
			productName = tasong;
			productReference = 9FCE336E2CC6064D00D2D8EC /* tasong.app */;
			productType = "com.apple.product-type.application";
		};
/* End PBXNativeTarget section */

/* Begin PBXProject section */
		9FCE33662CC6064D00D2D8EC /* Project object */ = {
			isa = PBXProject;
			attributes = {
				BuildIndependentTargetsInParallel = 1;
				LastSwiftUpdateCheck = 1540;
				LastUpgradeCheck = 1540;
				TargetAttributes = {
					9FCE336D2CC6064D00D2D8EC = {
						CreatedOnToolsVersion = 15.4;
					};
				};
			};
			buildConfigurationList = 9FCE33692CC6064D00D2D8EC /* Build configuration list for PBXProject "tasong" */;
			compatibilityVersion = "Xcode 14.0";
			developmentRegion = en;
			hasScannedForEncodings = 0;
			knownRegions = (
				en,
				Base,
			);
			mainGroup = 9FCE33652CC6064D00D2D8EC;
			productRefGroup = 9FCE336F2CC6064D00D2D8EC /* Products */;
			projectDirPath = "";
			projectRoot = "";
			targets = (
				9FCE336D2CC6064D00D2D8EC /* tasong */,
			);
		};
/* End PBXProject section */

/* Begin PBXResourcesBuildPhase section */
		9FCE336C2CC6064D00D2D8EC /* Resources */ = {
			isa = PBXResourcesBuildPhase;
			buildActionMask = 2147483647;
			files = (
				9FCE33792CC6064E00D2D8EC /* Preview Assets.xcassets in Resources */,
				9FDA15DB2CE47A250001998A /* Assets.xcassets in Resources */,
				9FDA15DD2CE47A770001998A /* Localizable.xcstrings in Resources */,
			);
			runOnlyForDeploymentPostprocessing = 0;
		};
/* End PBXResourcesBuildPhase section */

/* Begin PBXShellScriptBuildPhase section */
		250CF8D4F2DF84F6B1825C23 /* [CP] Check Pods Manifest.lock */ = {
			isa = PBXShellScriptBuildPhase;
			buildActionMask = 2147483647;
			files = (
			);
			inputFileListPaths = (
			);
			inputPaths = (
				"${PODS_PODFILE_DIR_PATH}/Podfile.lock",
				"${PODS_ROOT}/Manifest.lock",
			);
			name = "[CP] Check Pods Manifest.lock";
			outputFileListPaths = (
			);
			outputPaths = (
				"$(DERIVED_FILE_DIR)/Pods-tasong-checkManifestLockResult.txt",
			);
			runOnlyForDeploymentPostprocessing = 0;
			shellPath = /bin/sh;
			shellScript = "diff \"${PODS_PODFILE_DIR_PATH}/Podfile.lock\" \"${PODS_ROOT}/Manifest.lock\" > /dev/null\nif [ $? != 0 ] ; then\n    # print error to STDERR\n    echo \"error: The sandbox is not in sync with the Podfile.lock. Run 'pod install' or update your CocoaPods installation.\" >&2\n    exit 1\nfi\n# This output is used by Xcode 'outputs' to avoid re-running this script phase.\necho \"SUCCESS\" > \"${SCRIPT_OUTPUT_FILE_0}\"\n";
			showEnvVarsInLog = 0;
		};
		9FDA14A32CE455500001998A /* ShellScript */ = {
			isa = PBXShellScriptBuildPhase;
			buildActionMask = 2147483647;
			files = (
			);
			inputFileListPaths = (
			);
			inputPaths = (
			);
			outputFileListPaths = (
			);
			outputPaths = (
			);
			runOnlyForDeploymentPostprocessing = 0;
			shellPath = /bin/sh;
			shellScript = "# Type a script or drag a script file from your workspace to insert its path.\n";
		};
		B28E115703DDB072F5572CE3 /* [CP] Embed Pods Frameworks */ = {
			isa = PBXShellScriptBuildPhase;
			buildActionMask = 2147483647;
			files = (
			);
			inputFileListPaths = (
				"${PODS_ROOT}/Target Support Files/Pods-tasong/Pods-tasong-frameworks-${CONFIGURATION}-input-files.xcfilelist",
			);
			name = "[CP] Embed Pods Frameworks";
			outputFileListPaths = (
				"${PODS_ROOT}/Target Support Files/Pods-tasong/Pods-tasong-frameworks-${CONFIGURATION}-output-files.xcfilelist",
			);
			runOnlyForDeploymentPostprocessing = 0;
			shellPath = /bin/sh;
			shellScript = "\"${PODS_ROOT}/Target Support Files/Pods-tasong/Pods-tasong-frameworks.sh\"\n";
			showEnvVarsInLog = 0;
		};
/* End PBXShellScriptBuildPhase section */

/* Begin PBXSourcesBuildPhase section */
		9FCE336A2CC6064D00D2D8EC /* Sources */ = {
			isa = PBXSourcesBuildPhase;
			buildActionMask = 2147483647;
			files = (
				9FDA15E82CE47DD30001998A /* NetworkErrorHandler.swift in Sources */,
				9FDA159E2CE474DC0001998A /* HomePage.swift in Sources */,
				9FDA15B22CE475EF0001998A /* DeviceStatPage.swift in Sources */,
				9FDA15D22CE4797F0001998A /* MePage.swift in Sources */,
				9FDA15BE2CE477340001998A /* DeviceChartBean.swift in Sources */,
				9FDA15B62CE4769E0001998A /* ContactPage.swift in Sources */,
				9FDA15C82CE477940001998A /* LoginBean.swift in Sources */,
				9F6CE65A2D7845DE00F575A7 /* ModernThreeLevelPicker.swift in Sources */,
				9FDA15C22CE477790001998A /* DeviceDataBean.swift in Sources */,
				9FDA15B42CE476310001998A /* DeviceStatVM.swift in Sources */,
				9FCE33742CC6064D00D2D8EC /* ContentView.swift in Sources */,
				9FDA158A2CE4736E0001998A /* MyNetWorkRepository.swift in Sources */,
				9FDA15A02CE474E70001998A /* HomePageVM.swift in Sources */,
				9FDA15E62CE47DD30001998A /* Config.swift in Sources */,
				9FDA15922CE474270001998A /* SplashVM.swift in Sources */,
				9FD170552D2D07410074FBCF /* NumericInputField.swift in Sources */,
				9FDA158C2CE473940001998A /* MyNetWorkService.swift in Sources */,
				9FD170502D2CBF9F0074FBCF /* DeptBean.swift in Sources */,
				9FDA15CA2CE477A90001998A /* ReceiveControlBean.swift in Sources */,
				9FDA15BC2CE477270001998A /* DeviceAllBean.swift in Sources */,
				9FDA15A82CE475430001998A /* DeviceDataVM.swift in Sources */,
				9FDA15942CE474590001998A /* RegisterPage.swift in Sources */,
				9F6CE6582D7841F800F575A7 /* BottomSheetView.swift in Sources */,
				9FCE33722CC6064D00D2D8EC /* tasongApp.swift in Sources */,
				9FDA15962CE4746C0001998A /* RegisterVM.swift in Sources */,
				9FDA15CC2CE477B20001998A /* UserBean.swift in Sources */,
				9FDA15E02CE47A930001998A /* NavigationDestination.swift in Sources */,
				9FDA15E92CE47DD30001998A /* VerCodeError.swift in Sources */,
				9FDA15C62CE4778D0001998A /* DeviceType.swift in Sources */,
				9F79EA7F2CC8888E008BFD0E /* BaseResponse.swift in Sources */,
				9FDA15A22CE475180001998A /* DeviceControlPage.swift in Sources */,
				9FDA15C02CE477410001998A /* DeviceControlBean.swift in Sources */,
				9FDA157C2CE471170001998A /* AppState.swift in Sources */,
				9FDA159C2CE474BA0001998A /* LoginVM.swift in Sources */,
				9FDA15AA2CE475560001998A /* DeviceDetailPage.swift in Sources */,
				9F8B651E2CC745B900F28DA0 /* Toast.swift in Sources */,
				9FD170522D2D03370074FBCF /* SporeControlBean.swift in Sources */,
				9FDA15A42CE475270001998A /* DeviceControlVM.swift in Sources */,
				9FDA15A62CE475370001998A /* DeviceDataPage.swift in Sources */,
				9FDA15B82CE476A90001998A /* ContactVM.swift in Sources */,
				9FD9F47C2D2F7AEB0039BEEE /* AppDelegate.swift in Sources */,
				9FDA15D02CE479610001998A /* DeviceImageBean.swift in Sources */,
				9FDA159A2CE474AE0001998A /* LoginPage.swift in Sources */,
				9FDA15E72CE47DD30001998A /* handleNetworkError.swift in Sources */,
				9FDA158E2CE473C30001998A /* BaseViewModel.swift in Sources */,
				9FDA15902CE4741C0001998A /* SplashPage.swift in Sources */,
				9FDA15AC2CE475670001998A /* DeviceDetailVM.swift in Sources */,
				9FDA15D42CE479850001998A /* MeVM.swift in Sources */,
				9F6CE6562D76950000F575A7 /* SmartBean.swift in Sources */,
				9FDA15B02CE475E30001998A /* DevicePhotoVM.swift in Sources */,
				9F671D5B2D841AEF009DF862 /* GetConfigBean.swift in Sources */,
				9FDA15CE2CE477CB0001998A /* VerCodeBean.swift in Sources */,
				9FDA15982CE474930001998A /* MainPage.swift in Sources */,
				9FDA15AE2CE475840001998A /* DevicePhotoPage.swift in Sources */,
			);
			runOnlyForDeploymentPostprocessing = 0;
		};
/* End PBXSourcesBuildPhase section */

/* Begin XCBuildConfiguration section */
		9FCE337A2CC6064E00D2D8EC /* Debug */ = {
			isa = XCBuildConfiguration;
			buildSettings = {
				ALWAYS_SEARCH_USER_PATHS = NO;
				ASSETCATALOG_COMPILER_GENERATE_SWIFT_ASSET_SYMBOL_EXTENSIONS = YES;
				CLANG_ANALYZER_NONNULL = YES;
				CLANG_ANALYZER_NUMBER_OBJECT_CONVERSION = YES_AGGRESSIVE;
				CLANG_CXX_LANGUAGE_STANDARD = "gnu++20";
				CLANG_ENABLE_MODULES = YES;
				CLANG_ENABLE_OBJC_ARC = YES;
				CLANG_ENABLE_OBJC_WEAK = YES;
				CLANG_WARN_BLOCK_CAPTURE_AUTORELEASING = YES;
				CLANG_WARN_BOOL_CONVERSION = YES;
				CLANG_WARN_COMMA = YES;
				CLANG_WARN_CONSTANT_CONVERSION = YES;
				CLANG_WARN_DEPRECATED_OBJC_IMPLEMENTATIONS = YES;
				CLANG_WARN_DIRECT_OBJC_ISA_USAGE = YES_ERROR;
				CLANG_WARN_DOCUMENTATION_COMMENTS = YES;
				CLANG_WARN_EMPTY_BODY = YES;
				CLANG_WARN_ENUM_CONVERSION = YES;
				CLANG_WARN_INFINITE_RECURSION = YES;
				CLANG_WARN_INT_CONVERSION = YES;
				CLANG_WARN_NON_LITERAL_NULL_CONVERSION = YES;
				CLANG_WARN_OBJC_IMPLICIT_RETAIN_SELF = YES;
				CLANG_WARN_OBJC_LITERAL_CONVERSION = YES;
				CLANG_WARN_OBJC_ROOT_CLASS = YES_ERROR;
				CLANG_WARN_QUOTED_INCLUDE_IN_FRAMEWORK_HEADER = YES;
				CLANG_WARN_RANGE_LOOP_ANALYSIS = YES;
				CLANG_WARN_STRICT_PROTOTYPES = YES;
				CLANG_WARN_SUSPICIOUS_MOVE = YES;
				CLANG_WARN_UNGUARDED_AVAILABILITY = YES_AGGRESSIVE;
				CLANG_WARN_UNREACHABLE_CODE = YES;
				CLANG_WARN__DUPLICATE_METHOD_MATCH = YES;
				COPY_PHASE_STRIP = NO;
				DEBUG_INFORMATION_FORMAT = dwarf;
				ENABLE_STRICT_OBJC_MSGSEND = YES;
				ENABLE_TESTABILITY = YES;
				ENABLE_USER_SCRIPT_SANDBOXING = NO;
				GCC_C_LANGUAGE_STANDARD = gnu17;
				GCC_DYNAMIC_NO_PIC = NO;
				GCC_NO_COMMON_BLOCKS = YES;
				GCC_OPTIMIZATION_LEVEL = 0;
				GCC_PREPROCESSOR_DEFINITIONS = (
					"DEBUG=1",
					"$(inherited)",
				);
				GCC_WARN_64_TO_32_BIT_CONVERSION = YES;
				GCC_WARN_ABOUT_RETURN_TYPE = YES_ERROR;
				GCC_WARN_UNDECLARED_SELECTOR = YES;
				GCC_WARN_UNINITIALIZED_AUTOS = YES_AGGRESSIVE;
				GCC_WARN_UNUSED_FUNCTION = YES;
				GCC_WARN_UNUSED_VARIABLE = YES;
				IPHONEOS_DEPLOYMENT_TARGET = 16.0;
				LOCALIZATION_PREFERS_STRING_CATALOGS = YES;
				MTL_ENABLE_DEBUG_INFO = INCLUDE_SOURCE;
				MTL_FAST_MATH = YES;
				ONLY_ACTIVE_ARCH = YES;
				SDKROOT = iphoneos;
				SWIFT_ACTIVE_COMPILATION_CONDITIONS = "DEBUG $(inherited)";
				SWIFT_OPTIMIZATION_LEVEL = "-Onone";
			};
			name = Debug;
		};
		9FCE337B2CC6064E00D2D8EC /* Release */ = {
			isa = XCBuildConfiguration;
			buildSettings = {
				ALWAYS_SEARCH_USER_PATHS = NO;
				ASSETCATALOG_COMPILER_GENERATE_SWIFT_ASSET_SYMBOL_EXTENSIONS = YES;
				CLANG_ANALYZER_NONNULL = YES;
				CLANG_ANALYZER_NUMBER_OBJECT_CONVERSION = YES_AGGRESSIVE;
				CLANG_CXX_LANGUAGE_STANDARD = "gnu++20";
				CLANG_ENABLE_MODULES = YES;
				CLANG_ENABLE_OBJC_ARC = YES;
				CLANG_ENABLE_OBJC_WEAK = YES;
				CLANG_WARN_BLOCK_CAPTURE_AUTORELEASING = YES;
				CLANG_WARN_BOOL_CONVERSION = YES;
				CLANG_WARN_COMMA = YES;
				CLANG_WARN_CONSTANT_CONVERSION = YES;
				CLANG_WARN_DEPRECATED_OBJC_IMPLEMENTATIONS = YES;
				CLANG_WARN_DIRECT_OBJC_ISA_USAGE = YES_ERROR;
				CLANG_WARN_DOCUMENTATION_COMMENTS = YES;
				CLANG_WARN_EMPTY_BODY = YES;
				CLANG_WARN_ENUM_CONVERSION = YES;
				CLANG_WARN_INFINITE_RECURSION = YES;
				CLANG_WARN_INT_CONVERSION = YES;
				CLANG_WARN_NON_LITERAL_NULL_CONVERSION = YES;
				CLANG_WARN_OBJC_IMPLICIT_RETAIN_SELF = YES;
				CLANG_WARN_OBJC_LITERAL_CONVERSION = YES;
				CLANG_WARN_OBJC_ROOT_CLASS = YES_ERROR;
				CLANG_WARN_QUOTED_INCLUDE_IN_FRAMEWORK_HEADER = YES;
				CLANG_WARN_RANGE_LOOP_ANALYSIS = YES;
				CLANG_WARN_STRICT_PROTOTYPES = YES;
				CLANG_WARN_SUSPICIOUS_MOVE = YES;
				CLANG_WARN_UNGUARDED_AVAILABILITY = YES_AGGRESSIVE;
				CLANG_WARN_UNREACHABLE_CODE = YES;
				CLANG_WARN__DUPLICATE_METHOD_MATCH = YES;
				COPY_PHASE_STRIP = NO;
				DEBUG_INFORMATION_FORMAT = "dwarf-with-dsym";
				ENABLE_NS_ASSERTIONS = NO;
				ENABLE_STRICT_OBJC_MSGSEND = YES;
				ENABLE_USER_SCRIPT_SANDBOXING = NO;
				GCC_C_LANGUAGE_STANDARD = gnu17;
				GCC_NO_COMMON_BLOCKS = YES;
				GCC_WARN_64_TO_32_BIT_CONVERSION = YES;
				GCC_WARN_ABOUT_RETURN_TYPE = YES_ERROR;
				GCC_WARN_UNDECLARED_SELECTOR = YES;
				GCC_WARN_UNINITIALIZED_AUTOS = YES_AGGRESSIVE;
				GCC_WARN_UNUSED_FUNCTION = YES;
				GCC_WARN_UNUSED_VARIABLE = YES;
				IPHONEOS_DEPLOYMENT_TARGET = 16.0;
				LOCALIZATION_PREFERS_STRING_CATALOGS = YES;
				MTL_ENABLE_DEBUG_INFO = NO;
				MTL_FAST_MATH = YES;
				SDKROOT = iphoneos;
				SWIFT_COMPILATION_MODE = wholemodule;
				VALIDATE_PRODUCT = YES;
			};
			name = Release;
		};
		9FCE337D2CC6064E00D2D8EC /* Debug */ = {
			isa = XCBuildConfiguration;
			baseConfigurationReference = ECCD896310558FA82E701495 /* Pods-tasong.debug.xcconfig */;
			buildSettings = {
				ASSETCATALOG_COMPILER_APPICON_NAME = AppIcon;
				ASSETCATALOG_COMPILER_GLOBAL_ACCENT_COLOR_NAME = AccentColor;
				CODE_SIGN_STYLE = Automatic;
				CURRENT_PROJECT_VERSION = 5;
				DEVELOPMENT_ASSET_PATHS = "\"tasong/Preview Content\"";
				DEVELOPMENT_TEAM = WWLH763R5P;
				ENABLE_PREVIEWS = YES;
				ENABLE_USER_SCRIPT_SANDBOXING = NO;
				GENERATE_INFOPLIST_FILE = YES;
				INFOPLIST_FILE = tasong/Info.plist;
				INFOPLIST_KEY_CFBundleDisplayName = "智慧云";
				INFOPLIST_KEY_LSApplicationCategoryType = "";
				INFOPLIST_KEY_UIApplicationSceneManifest_Generation = YES;
				INFOPLIST_KEY_UIApplicationSupportsIndirectInputEvents = YES;
				INFOPLIST_KEY_UILaunchScreen_Generation = YES;
				INFOPLIST_KEY_UISupportedInterfaceOrientations_iPad = "UIInterfaceOrientationPortrait UIInterfaceOrientationPortraitUpsideDown UIInterfaceOrientationLandscapeLeft UIInterfaceOrientationLandscapeRight";
				INFOPLIST_KEY_UISupportedInterfaceOrientations_iPhone = "UIInterfaceOrientationPortrait UIInterfaceOrientationLandscapeLeft UIInterfaceOrientationLandscapeRight";
				LD_RUNPATH_SEARCH_PATHS = (
					"$(inherited)",
					"@executable_path/Frameworks",
				);
				MARKETING_VERSION = 1.5;
				PRODUCT_BUNDLE_IDENTIFIER = com.mengchuang.info;
				PRODUCT_NAME = "$(TARGET_NAME)";
				SWIFT_EMIT_LOC_STRINGS = YES;
				SWIFT_VERSION = 5.0;
				TARGETED_DEVICE_FAMILY = "1,2";
			};
			name = Debug;
		};
		9FCE337E2CC6064E00D2D8EC /* Release */ = {
			isa = XCBuildConfiguration;
			baseConfigurationReference = 280F9A7DF6BF114356D8CA24 /* Pods-tasong.release.xcconfig */;
			buildSettings = {
				ASSETCATALOG_COMPILER_APPICON_NAME = AppIcon;
				ASSETCATALOG_COMPILER_GLOBAL_ACCENT_COLOR_NAME = AccentColor;
				CODE_SIGN_STYLE = Automatic;
				CURRENT_PROJECT_VERSION = 5;
				DEVELOPMENT_ASSET_PATHS = "\"tasong/Preview Content\"";
				DEVELOPMENT_TEAM = WWLH763R5P;
				ENABLE_PREVIEWS = YES;
				ENABLE_USER_SCRIPT_SANDBOXING = NO;
				GENERATE_INFOPLIST_FILE = YES;
				INFOPLIST_FILE = tasong/Info.plist;
				INFOPLIST_KEY_CFBundleDisplayName = "智慧云";
				INFOPLIST_KEY_LSApplicationCategoryType = "";
				INFOPLIST_KEY_UIApplicationSceneManifest_Generation = YES;
				INFOPLIST_KEY_UIApplicationSupportsIndirectInputEvents = YES;
				INFOPLIST_KEY_UILaunchScreen_Generation = YES;
				INFOPLIST_KEY_UISupportedInterfaceOrientations_iPad = "UIInterfaceOrientationPortrait UIInterfaceOrientationPortraitUpsideDown UIInterfaceOrientationLandscapeLeft UIInterfaceOrientationLandscapeRight";
				INFOPLIST_KEY_UISupportedInterfaceOrientations_iPhone = "UIInterfaceOrientationPortrait UIInterfaceOrientationLandscapeLeft UIInterfaceOrientationLandscapeRight";
				LD_RUNPATH_SEARCH_PATHS = (
					"$(inherited)",
					"@executable_path/Frameworks",
				);
				MARKETING_VERSION = 1.5;
				PRODUCT_BUNDLE_IDENTIFIER = com.mengchuang.info;
				PRODUCT_NAME = "$(TARGET_NAME)";
				SWIFT_EMIT_LOC_STRINGS = YES;
				SWIFT_VERSION = 5.0;
				TARGETED_DEVICE_FAMILY = "1,2";
			};
			name = Release;
		};
/* End XCBuildConfiguration section */

/* Begin XCConfigurationList section */
		9FCE33692CC6064D00D2D8EC /* Build configuration list for PBXProject "tasong" */ = {
			isa = XCConfigurationList;
			buildConfigurations = (
				9FCE337A2CC6064E00D2D8EC /* Debug */,
				9FCE337B2CC6064E00D2D8EC /* Release */,
			);
			defaultConfigurationIsVisible = 0;
			defaultConfigurationName = Release;
		};
		9FCE337C2CC6064E00D2D8EC /* Build configuration list for PBXNativeTarget "tasong" */ = {
			isa = XCConfigurationList;
			buildConfigurations = (
				9FCE337D2CC6064E00D2D8EC /* Debug */,
				9FCE337E2CC6064E00D2D8EC /* Release */,
			);
			defaultConfigurationIsVisible = 0;
			defaultConfigurationName = Release;
		};
/* End XCConfigurationList section */
	};
	rootObject = 9FCE33662CC6064D00D2D8EC /* Project object */;
}
